
Microsoft Visual Studio Solution File, Format Version 10.00
# Visual Studio 2008
Project("{8BC9CEB8-8B4A-11D0-8D11-00A0C91BC942}") = "chess1", "chess1\chess1.vcproj", "{A3ADA321-0BD4-4534-1234-0D772DDC4951}"
EndProject
Project("{8BC9CEB8-8B4A-11D0-8D11-00A0C91BC942}") = "bitmap", "bitmap\bitmap.vcproj", "{A3ADA321-ABCD-4534-ADEC-0D772DDC4951}"
EndProject
Project("{8BC9CEB8-8B4A-11D0-8D11-00A0C91BC942}") = "cechat", "cechat\cechat.vcproj", "{A3ADA321-9999-4534-ADEC-0D772DDC4951}"
EndProject
Project("{8BC9CEB8-8B4A-11D0-8D11-00A0C91BC942}") = "bgcolor", "bgcolor\bgcolor.vcproj", "{A5ADA321-ABCD-4534-ADEC-0D772DDC4951}"
EndProject
Project("{8BC9CEB8-8B4A-11D0-8D11-00A0C91BC942}") = "tictac", "tictac\tictac.vcproj", "{A3ADA321-ABCD-4444-ADEC-0D772DDC4951}"
EndProject
Project("{8BC9CEB8-8B4A-11D0-8D11-00A0C91BC942}") = "cmdbar", "cmdbar\cmdbar.vcproj", "{929A2BBE-D904-4DBB-A0E2-F2F5ADE67DFA}"
EndProject
Project("{8BC9CEB8-8B4A-11D0-8D11-00A0C91BC942}") = "qrcode", "qrcode\qrcode.vcproj", "{A9ADA921-ABCD-4534-ADEC-0D772DDC4951}"
EndProject
Project("{8BC9CEB8-8B4A-11D0-8D11-00A0C91BC942}") = "md5sum", "md5sum\md5sum.vcproj", "{A4ADA321-ABCD-4534-ADEC-0D772DDC4951}"
EndProject
Project("{8BC9CEB8-8B4A-11D0-8D11-00A0C91BC942}") = "cat", "cat\cat.vcproj", "{1B42253E-5637-4092-A0D2-18D830FFD4CC}"
EndProject
Project("{8BC9CEB8-8B4A-11D0-8D11-00A0C91BC942}") = "contimeout", "contimeout\contimeout.vcproj", "{A99DA321-ABCD-4534-ADEC-0D772DDC4951}"
EndProject
Global
	GlobalSection(SolutionConfigurationPlatforms) = preSolution
		Debug|STANDARDSDK_500 (x86) = Debug|STANDARDSDK_500 (x86)
		Debug|Win32 = Debug|Win32
		Release|STANDARDSDK_500 (x86) = Release|STANDARDSDK_500 (x86)
		Release|Win32 = Release|Win32
	EndGlobalSection
	GlobalSection(ProjectConfigurationPlatforms) = postSolution
		{A3ADA321-0BD4-4534-1234-0D772DDC4951}.Debug|STANDARDSDK_500 (x86).ActiveCfg = Release|STANDARDSDK_500 (x86)
		{A3ADA321-0BD4-4534-1234-0D772DDC4951}.Debug|STANDARDSDK_500 (x86).Build.0 = Release|STANDARDSDK_500 (x86)
		{A3ADA321-0BD4-4534-1234-0D772DDC4951}.Debug|STANDARDSDK_500 (x86).Deploy.0 = Release|STANDARDSDK_500 (x86)
		{A3ADA321-0BD4-4534-1234-0D772DDC4951}.Debug|Win32.ActiveCfg = Debug|STANDARDSDK_500 (x86)
		{A3ADA321-0BD4-4534-1234-0D772DDC4951}.Release|STANDARDSDK_500 (x86).ActiveCfg = Release|STANDARDSDK_500 (x86)
		{A3ADA321-0BD4-4534-1234-0D772DDC4951}.Release|STANDARDSDK_500 (x86).Build.0 = Release|STANDARDSDK_500 (x86)
		{A3ADA321-0BD4-4534-1234-0D772DDC4951}.Release|STANDARDSDK_500 (x86).Deploy.0 = Release|STANDARDSDK_500 (x86)
		{A3ADA321-0BD4-4534-1234-0D772DDC4951}.Release|Win32.ActiveCfg = Release|STANDARDSDK_500 (x86)
		{A3ADA321-ABCD-4534-ADEC-0D772DDC4951}.Debug|STANDARDSDK_500 (x86).ActiveCfg = Debug|STANDARDSDK_500 (x86)
		{A3ADA321-ABCD-4534-ADEC-0D772DDC4951}.Debug|STANDARDSDK_500 (x86).Build.0 = Debug|STANDARDSDK_500 (x86)
		{A3ADA321-ABCD-4534-ADEC-0D772DDC4951}.Debug|STANDARDSDK_500 (x86).Deploy.0 = Debug|STANDARDSDK_500 (x86)
		{A3ADA321-ABCD-4534-ADEC-0D772DDC4951}.Debug|Win32.ActiveCfg = Debug|Win32
		{A3ADA321-ABCD-4534-ADEC-0D772DDC4951}.Debug|Win32.Build.0 = Debug|Win32
		{A3ADA321-ABCD-4534-ADEC-0D772DDC4951}.Release|STANDARDSDK_500 (x86).ActiveCfg = Release|STANDARDSDK_500 (x86)
		{A3ADA321-ABCD-4534-ADEC-0D772DDC4951}.Release|STANDARDSDK_500 (x86).Build.0 = Release|STANDARDSDK_500 (x86)
		{A3ADA321-ABCD-4534-ADEC-0D772DDC4951}.Release|STANDARDSDK_500 (x86).Deploy.0 = Release|STANDARDSDK_500 (x86)
		{A3ADA321-ABCD-4534-ADEC-0D772DDC4951}.Release|Win32.ActiveCfg = Release|Win32
		{A3ADA321-ABCD-4534-ADEC-0D772DDC4951}.Release|Win32.Build.0 = Release|Win32
		{A3ADA321-9999-4534-ADEC-0D772DDC4951}.Debug|STANDARDSDK_500 (x86).ActiveCfg = Debug|STANDARDSDK_500 (x86)
		{A3ADA321-9999-4534-ADEC-0D772DDC4951}.Debug|STANDARDSDK_500 (x86).Build.0 = Debug|STANDARDSDK_500 (x86)
		{A3ADA321-9999-4534-ADEC-0D772DDC4951}.Debug|STANDARDSDK_500 (x86).Deploy.0 = Debug|STANDARDSDK_500 (x86)
		{A3ADA321-9999-4534-ADEC-0D772DDC4951}.Debug|Win32.ActiveCfg = Debug|Win32
		{A3ADA321-9999-4534-ADEC-0D772DDC4951}.Debug|Win32.Build.0 = Debug|Win32
		{A3ADA321-9999-4534-ADEC-0D772DDC4951}.Release|STANDARDSDK_500 (x86).ActiveCfg = Release|STANDARDSDK_500 (x86)
		{A3ADA321-9999-4534-ADEC-0D772DDC4951}.Release|STANDARDSDK_500 (x86).Build.0 = Release|STANDARDSDK_500 (x86)
		{A3ADA321-9999-4534-ADEC-0D772DDC4951}.Release|STANDARDSDK_500 (x86).Deploy.0 = Release|STANDARDSDK_500 (x86)
		{A3ADA321-9999-4534-ADEC-0D772DDC4951}.Release|Win32.ActiveCfg = Release|Win32
		{A3ADA321-9999-4534-ADEC-0D772DDC4951}.Release|Win32.Build.0 = Release|Win32
		{A5ADA321-ABCD-4534-ADEC-0D772DDC4951}.Debug|STANDARDSDK_500 (x86).ActiveCfg = Debug|STANDARDSDK_500 (x86)
		{A5ADA321-ABCD-4534-ADEC-0D772DDC4951}.Debug|STANDARDSDK_500 (x86).Build.0 = Debug|STANDARDSDK_500 (x86)
		{A5ADA321-ABCD-4534-ADEC-0D772DDC4951}.Debug|STANDARDSDK_500 (x86).Deploy.0 = Debug|STANDARDSDK_500 (x86)
		{A5ADA321-ABCD-4534-ADEC-0D772DDC4951}.Debug|Win32.ActiveCfg = Debug|Win32
		{A5ADA321-ABCD-4534-ADEC-0D772DDC4951}.Debug|Win32.Build.0 = Debug|Win32
		{A5ADA321-ABCD-4534-ADEC-0D772DDC4951}.Release|STANDARDSDK_500 (x86).ActiveCfg = Release|STANDARDSDK_500 (x86)
		{A5ADA321-ABCD-4534-ADEC-0D772DDC4951}.Release|STANDARDSDK_500 (x86).Build.0 = Release|STANDARDSDK_500 (x86)
		{A5ADA321-ABCD-4534-ADEC-0D772DDC4951}.Release|STANDARDSDK_500 (x86).Deploy.0 = Release|STANDARDSDK_500 (x86)
		{A5ADA321-ABCD-4534-ADEC-0D772DDC4951}.Release|Win32.ActiveCfg = Release|Win32
		{A5ADA321-ABCD-4534-ADEC-0D772DDC4951}.Release|Win32.Build.0 = Release|Win32
		{A3ADA321-ABCD-4444-ADEC-0D772DDC4951}.Debug|STANDARDSDK_500 (x86).ActiveCfg = Debug|STANDARDSDK_500 (x86)
		{A3ADA321-ABCD-4444-ADEC-0D772DDC4951}.Debug|STANDARDSDK_500 (x86).Build.0 = Debug|STANDARDSDK_500 (x86)
		{A3ADA321-ABCD-4444-ADEC-0D772DDC4951}.Debug|STANDARDSDK_500 (x86).Deploy.0 = Debug|STANDARDSDK_500 (x86)
		{A3ADA321-ABCD-4444-ADEC-0D772DDC4951}.Debug|Win32.ActiveCfg = Debug|Win32
		{A3ADA321-ABCD-4444-ADEC-0D772DDC4951}.Debug|Win32.Build.0 = Debug|Win32
		{A3ADA321-ABCD-4444-ADEC-0D772DDC4951}.Release|STANDARDSDK_500 (x86).ActiveCfg = Release|STANDARDSDK_500 (x86)
		{A3ADA321-ABCD-4444-ADEC-0D772DDC4951}.Release|STANDARDSDK_500 (x86).Build.0 = Release|STANDARDSDK_500 (x86)
		{A3ADA321-ABCD-4444-ADEC-0D772DDC4951}.Release|STANDARDSDK_500 (x86).Deploy.0 = Release|STANDARDSDK_500 (x86)
		{A3ADA321-ABCD-4444-ADEC-0D772DDC4951}.Release|Win32.ActiveCfg = Release|Win32
		{A3ADA321-ABCD-4444-ADEC-0D772DDC4951}.Release|Win32.Build.0 = Release|Win32
		{929A2BBE-D904-4DBB-A0E2-F2F5ADE67DFA}.Debug|STANDARDSDK_500 (x86).ActiveCfg = Debug|STANDARDSDK_500 (x86)
		{929A2BBE-D904-4DBB-A0E2-F2F5ADE67DFA}.Debug|STANDARDSDK_500 (x86).Build.0 = Debug|STANDARDSDK_500 (x86)
		{929A2BBE-D904-4DBB-A0E2-F2F5ADE67DFA}.Debug|STANDARDSDK_500 (x86).Deploy.0 = Debug|STANDARDSDK_500 (x86)
		{929A2BBE-D904-4DBB-A0E2-F2F5ADE67DFA}.Debug|Win32.ActiveCfg = Debug|Win32
		{929A2BBE-D904-4DBB-A0E2-F2F5ADE67DFA}.Debug|Win32.Build.0 = Debug|Win32
		{929A2BBE-D904-4DBB-A0E2-F2F5ADE67DFA}.Release|STANDARDSDK_500 (x86).ActiveCfg = Release|STANDARDSDK_500 (x86)
		{929A2BBE-D904-4DBB-A0E2-F2F5ADE67DFA}.Release|STANDARDSDK_500 (x86).Build.0 = Release|STANDARDSDK_500 (x86)
		{929A2BBE-D904-4DBB-A0E2-F2F5ADE67DFA}.Release|STANDARDSDK_500 (x86).Deploy.0 = Release|STANDARDSDK_500 (x86)
		{929A2BBE-D904-4DBB-A0E2-F2F5ADE67DFA}.Release|Win32.ActiveCfg = Release|Win32
		{929A2BBE-D904-4DBB-A0E2-F2F5ADE67DFA}.Release|Win32.Build.0 = Release|Win32
		{A9ADA921-ABCD-4534-ADEC-0D772DDC4951}.Debug|STANDARDSDK_500 (x86).ActiveCfg = Debug|STANDARDSDK_500 (x86)
		{A9ADA921-ABCD-4534-ADEC-0D772DDC4951}.Debug|STANDARDSDK_500 (x86).Build.0 = Debug|STANDARDSDK_500 (x86)
		{A9ADA921-ABCD-4534-ADEC-0D772DDC4951}.Debug|STANDARDSDK_500 (x86).Deploy.0 = Debug|STANDARDSDK_500 (x86)
		{A9ADA921-ABCD-4534-ADEC-0D772DDC4951}.Debug|Win32.ActiveCfg = Debug|Win32
		{A9ADA921-ABCD-4534-ADEC-0D772DDC4951}.Debug|Win32.Build.0 = Debug|Win32
		{A9ADA921-ABCD-4534-ADEC-0D772DDC4951}.Release|STANDARDSDK_500 (x86).ActiveCfg = Release|STANDARDSDK_500 (x86)
		{A9ADA921-ABCD-4534-ADEC-0D772DDC4951}.Release|STANDARDSDK_500 (x86).Build.0 = Release|STANDARDSDK_500 (x86)
		{A9ADA921-ABCD-4534-ADEC-0D772DDC4951}.Release|STANDARDSDK_500 (x86).Deploy.0 = Release|STANDARDSDK_500 (x86)
		{A9ADA921-ABCD-4534-ADEC-0D772DDC4951}.Release|Win32.ActiveCfg = Release|Win32
		{A9ADA921-ABCD-4534-ADEC-0D772DDC4951}.Release|Win32.Build.0 = Release|Win32
		{A4ADA321-ABCD-4534-ADEC-0D772DDC4951}.Debug|STANDARDSDK_500 (x86).ActiveCfg = Debug|STANDARDSDK_500 (x86)
		{A4ADA321-ABCD-4534-ADEC-0D772DDC4951}.Debug|STANDARDSDK_500 (x86).Build.0 = Debug|STANDARDSDK_500 (x86)
		{A4ADA321-ABCD-4534-ADEC-0D772DDC4951}.Debug|STANDARDSDK_500 (x86).Deploy.0 = Debug|STANDARDSDK_500 (x86)
		{A4ADA321-ABCD-4534-ADEC-0D772DDC4951}.Debug|Win32.ActiveCfg = Debug|Win32
		{A4ADA321-ABCD-4534-ADEC-0D772DDC4951}.Debug|Win32.Build.0 = Debug|Win32
		{A4ADA321-ABCD-4534-ADEC-0D772DDC4951}.Release|STANDARDSDK_500 (x86).ActiveCfg = Release|STANDARDSDK_500 (x86)
		{A4ADA321-ABCD-4534-ADEC-0D772DDC4951}.Release|STANDARDSDK_500 (x86).Build.0 = Release|STANDARDSDK_500 (x86)
		{A4ADA321-ABCD-4534-ADEC-0D772DDC4951}.Release|STANDARDSDK_500 (x86).Deploy.0 = Release|STANDARDSDK_500 (x86)
		{A4ADA321-ABCD-4534-ADEC-0D772DDC4951}.Release|Win32.ActiveCfg = Release|Win32
		{A4ADA321-ABCD-4534-ADEC-0D772DDC4951}.Release|Win32.Build.0 = Release|Win32
		{1B42253E-5637-4092-A0D2-18D830FFD4CC}.Debug|STANDARDSDK_500 (x86).ActiveCfg = Debug|STANDARDSDK_500 (x86)
		{1B42253E-5637-4092-A0D2-18D830FFD4CC}.Debug|STANDARDSDK_500 (x86).Build.0 = Debug|STANDARDSDK_500 (x86)
		{1B42253E-5637-4092-A0D2-18D830FFD4CC}.Debug|STANDARDSDK_500 (x86).Deploy.0 = Debug|STANDARDSDK_500 (x86)
		{1B42253E-5637-4092-A0D2-18D830FFD4CC}.Debug|Win32.ActiveCfg = Debug|Win32
		{1B42253E-5637-4092-A0D2-18D830FFD4CC}.Debug|Win32.Build.0 = Debug|Win32
		{1B42253E-5637-4092-A0D2-18D830FFD4CC}.Release|STANDARDSDK_500 (x86).ActiveCfg = Release|STANDARDSDK_500 (x86)
		{1B42253E-5637-4092-A0D2-18D830FFD4CC}.Release|STANDARDSDK_500 (x86).Build.0 = Release|STANDARDSDK_500 (x86)
		{1B42253E-5637-4092-A0D2-18D830FFD4CC}.Release|STANDARDSDK_500 (x86).Deploy.0 = Release|STANDARDSDK_500 (x86)
		{1B42253E-5637-4092-A0D2-18D830FFD4CC}.Release|Win32.ActiveCfg = Release|Win32
		{1B42253E-5637-4092-A0D2-18D830FFD4CC}.Release|Win32.Build.0 = Release|Win32
		{A99DA321-ABCD-4534-ADEC-0D772DDC4951}.Debug|STANDARDSDK_500 (x86).ActiveCfg = Debug|STANDARDSDK_500 (x86)
		{A99DA321-ABCD-4534-ADEC-0D772DDC4951}.Debug|STANDARDSDK_500 (x86).Build.0 = Debug|STANDARDSDK_500 (x86)
		{A99DA321-ABCD-4534-ADEC-0D772DDC4951}.Debug|STANDARDSDK_500 (x86).Deploy.0 = Debug|STANDARDSDK_500 (x86)
		{A99DA321-ABCD-4534-ADEC-0D772DDC4951}.Debug|Win32.ActiveCfg = Debug|Win32
		{A99DA321-ABCD-4534-ADEC-0D772DDC4951}.Debug|Win32.Build.0 = Debug|Win32
		{A99DA321-ABCD-4534-ADEC-0D772DDC4951}.Release|STANDARDSDK_500 (x86).ActiveCfg = Release|STANDARDSDK_500 (x86)
		{A99DA321-ABCD-4534-ADEC-0D772DDC4951}.Release|STANDARDSDK_500 (x86).Build.0 = Release|STANDARDSDK_500 (x86)
		{A99DA321-ABCD-4534-ADEC-0D772DDC4951}.Release|STANDARDSDK_500 (x86).Deploy.0 = Release|STANDARDSDK_500 (x86)
		{A99DA321-ABCD-4534-ADEC-0D772DDC4951}.Release|Win32.ActiveCfg = Release|Win32
		{A99DA321-ABCD-4534-ADEC-0D772DDC4951}.Release|Win32.Build.0 = Release|Win32
	EndGlobalSection
	GlobalSection(SolutionProperties) = preSolution
		HideSolutionNode = FALSE
	EndGlobalSection
EndGlobal
