
Microsoft Visual Studio Solution File, Format Version 10.00
# Visual Studio 2008
Project("{8BC9CEB8-8B4A-11D0-8D11-00A0C91BC942}") = "bitmap", "bitmap.vcproj", "{A3ADA321-ABCD-4534-ADEC-0D772DDC4951}"
EndProject
Global
	GlobalSection(SolutionConfigurationPlatforms) = preSolution
		Debug|STANDARDSDK_500 (x86) = Debug|STANDARDSDK_500 (x86)
		Debug|Win32 = Debug|Win32
		Release|STANDARDSDK_500 (x86) = Release|STANDARDSDK_500 (x86)
		Release|Win32 = Release|Win32
	EndGlobalSection
	GlobalSection(ProjectConfigurationPlatforms) = postSolution
		{A3ADA321-ABCD-4534-ADEC-0D772DDC4951}.Debug|STANDARDSDK_500 (x86).ActiveCfg = Debug|STANDARDSDK_500 (x86)
		{A3ADA321-ABCD-4534-ADEC-0D772DDC4951}.Debug|STANDARDSDK_500 (x86).Build.0 = Debug|STANDARDSDK_500 (x86)
		{A3ADA321-ABCD-4534-ADEC-0D772DDC4951}.Debug|STANDARDSDK_500 (x86).Deploy.0 = Debug|STANDARDSDK_500 (x86)
		{A3ADA321-ABCD-4534-ADEC-0D772DDC4951}.Debug|Win32.ActiveCfg = Debug|Win32
		{A3ADA321-ABCD-4534-ADEC-0D772DDC4951}.Debug|Win32.Build.0 = Debug|Win32
		{A3ADA321-ABCD-4534-ADEC-0D772DDC4951}.Release|STANDARDSDK_500 (x86).ActiveCfg = Release|STANDARDSDK_500 (x86)
		{A3ADA321-ABCD-4534-ADEC-0D772DDC4951}.Release|STANDARDSDK_500 (x86).Build.0 = Release|STANDARDSDK_500 (x86)
		{A3ADA321-ABCD-4534-ADEC-0D772DDC4951}.Release|STANDARDSDK_500 (x86).Deploy.0 = Release|STANDARDSDK_500 (x86)
		{A3ADA321-ABCD-4534-ADEC-0D772DDC4951}.Release|Win32.ActiveCfg = Release|Win32
		{A3ADA321-ABCD-4534-ADEC-0D772DDC4951}.Release|Win32.Build.0 = Release|Win32
	EndGlobalSection
	GlobalSection(SolutionProperties) = preSolution
		HideSolutionNode = FALSE
	EndGlobalSection
EndGlobal
